
Microsoft Visual Studio Solution File, Format Version 12.00
# Visual Studio 2013
Project("{FAE04EC0-301F-11D3-BF4B-00C04F79EFBC}") = "UnityVS.Custom Engine.CSharp", "UnityVS.Custom Engine.CSharp.csproj", "{D851DC4E-9DE2-6E83-60FD-EB3F5A23F28F}"
EndProject
Global
	GlobalSection(SolutionConfigurationPlatforms) = preSolution
		Debug|Any CPU = Debug|Any CPU
		Release|Any CPU = Release|Any CPU
	EndGlobalSection
	GlobalSection(ProjectConfigurationPlatforms) = postSolution
		{D851DC4E-9DE2-6E83-60FD-EB3F5A23F28F}.Debug|Any CPU.ActiveCfg = Debug|Any CPU
		{D851DC4E-9DE2-6E83-60FD-EB3F5A23F28F}.Debug|Any CPU.Build.0 = Debug|Any CPU
		{D851DC4E-9DE2-6E83-60FD-EB3F5A23F28F}.Release|Any CPU.ActiveCfg = Release|Any CPU
		{D851DC4E-9DE2-6E83-60FD-EB3F5A23F28F}.Release|Any CPU.Build.0 = Release|Any CPU
	EndGlobalSection
	GlobalSection(SolutionProperties) = preSolution
		HideSolutionNode = FALSE
	EndGlobalSection
EndGlobal
